{
  "name": "fontawesome-icon",
  "version": "1.0.4",
  "lockfileVersion": 1,
  "requires": true,
  "dependencies": {
    "@fortawesome/fontawesome-svg-core": {
      "version": "1.2.0",
      "resolved": "https://registry.npmjs.org/@fortawesome/fontawesome-svg-core/-/fontawesome-svg-core-1.2.0.tgz",
      "integrity": "sha512-Wqh3kxcxeFCCLN3LevXJaZiBZ9V8ggOUpcQC+TBIaQIPNtMmUwsghLVpI6ojYKjoIvKi1nyAR9wpOTUVoxl4rA==",
      "requires": {
        "@fortawesome/fontawesome-common-types": "^0.2.0"
      },
      "dependencies": {
        "@fortawesome/fontawesome-common-types": {
          "version": "0.2.0",
          "resolved": "https://registry.npmjs.org/@fortawesome/fontawesome-common-types/-/fontawesome-common-types-0.2.0.tgz",
          "integrity": "sha512-raAiqWiXGZeQpFzz5fpLa6EQR3kSAK1cT5qaUanB9h4FatXvKEOPutDyeGQsF0hRtGfMb518Mzc7+LjBPDJCOg=="
        }
      }
    },
    "@fortawesome/free-brands-svg-icons": {
      "version": "5.1.0",
      "resolved": "https://registry.npmjs.org/@fortawesome/free-brands-svg-icons/-/free-brands-svg-icons-5.1.0.tgz",
      "integrity": "sha512-ILEJHR7Wiz9kJMtMgRh3EXNZmxUZW6z+3JQEN1TL02+aME7q+sHn3H8oOClti9XuIx5HckmbfevpBrl+fzeWCw==",
      "requires": {
        "@fortawesome/fontawesome-common-types": "^0.2.0"
      },
      "dependencies": {
        "@fortawesome/fontawesome-common-types": {
          "version": "0.2.0",
          "resolved": "https://registry.npmjs.org/@fortawesome/fontawesome-common-types/-/fontawesome-common-types-0.2.0.tgz",
          "integrity": "sha512-raAiqWiXGZeQpFzz5fpLa6EQR3kSAK1cT5qaUanB9h4FatXvKEOPutDyeGQsF0hRtGfMb518Mzc7+LjBPDJCOg=="
        }
      }
    },
    "@fortawesome/free-regular-svg-icons": {
      "version": "5.1.0",
      "resolved": "https://registry.npmjs.org/@fortawesome/free-regular-svg-icons/-/free-regular-svg-icons-5.1.0.tgz",
      "integrity": "sha512-VKkfgrEjso9Dsc4TgV5UKqtgxs7bv2sgIsulf6X2rwsVDQqIKOxTZ2tcftGSa4wvRPIJ3lNcrmEMLwDWub593w==",
      "requires": {
        "@fortawesome/fontawesome-common-types": "^0.2.0"
      },
      "dependencies": {
        "@fortawesome/fontawesome-common-types": {
          "version": "0.2.0",
          "resolved": "https://registry.npmjs.org/@fortawesome/fontawesome-common-types/-/fontawesome-common-types-0.2.0.tgz",
          "integrity": "sha512-raAiqWiXGZeQpFzz5fpLa6EQR3kSAK1cT5qaUanB9h4FatXvKEOPutDyeGQsF0hRtGfMb518Mzc7+LjBPDJCOg=="
        }
      }
    },
    "@fortawesome/free-solid-svg-icons": {
      "version": "5.1.0",
      "resolved": "https://registry.npmjs.org/@fortawesome/free-solid-svg-icons/-/free-solid-svg-icons-5.1.0.tgz",
      "integrity": "sha512-MijNhBFEporjnyg1BDnyBWwypFa+RkmQFqX94NZa7xWGIKirvujw2JG0BRR9jQZPFHcI4pRzhXMxBxUUi786yA==",
      "requires": {
        "@fortawesome/fontawesome-common-types": "^0.2.0"
      },
      "dependencies": {
        "@fortawesome/fontawesome-common-types": {
          "version": "0.2.0",
          "resolved": "https://registry.npmjs.org/@fortawesome/fontawesome-common-types/-/fontawesome-common-types-0.2.0.tgz",
          "integrity": "sha512-raAiqWiXGZeQpFzz5fpLa6EQR3kSAK1cT5qaUanB9h4FatXvKEOPutDyeGQsF0hRtGfMb518Mzc7+LjBPDJCOg=="
        }
      }
    },
    "@polymer/font-roboto": {
      "version": "3.0.0-pre.19",
      "resolved": "https://registry.npmjs.org/@polymer/font-roboto/-/font-roboto-3.0.0-pre.19.tgz",
      "integrity": "sha512-brLUbgLGzBVNlmHhpDHnWdPI6KNkHmTjtX+82dvHpeuUjPsey2uH4fFofWC+m29/yxY+GH5RGv493AfRUDcokQ==",
      "dev": true
    },
    "@polymer/iron-demo-helpers": {
      "version": "3.0.0-pre.19",
      "resolved": "https://registry.npmjs.org/@polymer/iron-demo-helpers/-/iron-demo-helpers-3.0.0-pre.19.tgz",
      "integrity": "sha512-FHSqM63dVFJWxO9p1rZLWfyISTN/Qc4uCKOppFsz6ipJAu/JWFdYEoPipCl5Em3YOfhY90TFDC6Xy06kA5Lkig==",
      "dev": true,
      "requires": {
        "@polymer/font-roboto": "^3.0.0-pre.19",
        "@polymer/iron-flex-layout": "^3.0.0-pre.19",
        "@polymer/iron-location": "^3.0.0-pre.19",
        "@polymer/marked-element": "^3.0.0-pre.19",
        "@polymer/polymer": "^3.0.0",
        "@polymer/prism-element": "^3.0.0-pre.19"
      }
    },
    "@polymer/iron-flex-layout": {
      "version": "3.0.0-pre.19",
      "resolved": "https://registry.npmjs.org/@polymer/iron-flex-layout/-/iron-flex-layout-3.0.0-pre.19.tgz",
      "integrity": "sha512-EZ25vUjmZXLc0hKJj338Ec1fQwemBsfe+Zo5d6ThzJzoSq72uGlZ8deLYNiAhIw6UZZxWttXcN6c/2kZ4qV18A==",
      "dev": true,
      "requires": {
        "@polymer/polymer": "^3.0.0"
      }
    },
    "@polymer/iron-location": {
      "version": "3.0.0-pre.19",
      "resolved": "https://registry.npmjs.org/@polymer/iron-location/-/iron-location-3.0.0-pre.19.tgz",
      "integrity": "sha512-VGL1TGrnSPXmbMtHo2pazY8fhg3lKLGC6pOeMdwk8fMHDurfO7atVHjlcVLKrCDB7L38rqNN+af6HRSCrHJ7/A==",
      "dev": true,
      "requires": {
        "@polymer/polymer": "^3.0.0"
      }
    },
    "@polymer/marked-element": {
      "version": "3.0.0-pre.19",
      "resolved": "https://registry.npmjs.org/@polymer/marked-element/-/marked-element-3.0.0-pre.19.tgz",
      "integrity": "sha512-8MBsM7vXVTvu6rQ7LaGy2Ti1d9su1jYcCLl1XUl7Xd/pcdXlpPvlZflT03Wp9QiCJt76igdl6n4DIkPLhSmvzw==",
      "dev": true,
      "requires": {
        "@polymer/polymer": "^3.0.0",
        "marked": "~0.3.9"
      }
    },
    "@polymer/polymer": {
      "version": "3.0.2",
      "resolved": "https://registry.npmjs.org/@polymer/polymer/-/polymer-3.0.2.tgz",
      "integrity": "sha512-ow8AAjTe9ps8bantY9IvL0PT+xHf5VN3Cjahfr7gBJAc0lv3jTwGBv7pso65SHyrUJEEHeakhx6iPMl7qY4tfw==",
      "requires": {
        "@webcomponents/shadycss": "^1.2.0"
      }
    },
    "@polymer/prism-element": {
      "version": "3.0.0-pre.19",
      "resolved": "https://registry.npmjs.org/@polymer/prism-element/-/prism-element-3.0.0-pre.19.tgz",
      "integrity": "sha512-daEXazFW4sjF+HP9M1kmaRV3oVqwl28g2D6uqzd2KpSse6GFuZJx+wRlisv24zF6xg5vMRaxPCdC6jdS7psoFg==",
      "dev": true,
      "requires": {
        "@polymer/polymer": "^3.0.0",
        "prismjs": "^1.11.0"
      }
    },
    "@webcomponents/shadycss": {
      "version": "1.2.1",
      "resolved": "https://registry.npmjs.org/@webcomponents/shadycss/-/shadycss-1.2.1.tgz",
      "integrity": "sha512-ZnjFb1Wf81CqMgs1dbT6JT6N4nY32bs2r5YC/5GSIb/ozJGR+UYs3ldJxtk1v5uZzPRIsAWv7wYSJcCp6ml8+A=="
    },
    "@webcomponents/webcomponentsjs": {
      "version": "2.0.0",
      "resolved": "https://registry.npmjs.org/@webcomponents/webcomponentsjs/-/webcomponentsjs-2.0.0.tgz",
      "integrity": "sha512-f6izmesHd8E+rL32tftlXZmz1EAL+lLn8AUex0mJFLe39z53iTFNCqxAYsMmCA/QSGP+8X6D1it/JbuVl1jOHA==",
      "dev": true
    },
    "clipboard": {
      "version": "2.0.1",
      "resolved": "https://registry.npmjs.org/clipboard/-/clipboard-2.0.1.tgz",
      "integrity": "sha512-7yhQBmtN+uYZmfRjjVjKa0dZdWuabzpSKGtyQZN+9C8xlC788SSJjOHWh7tzurfwTqTD5UDYAhIv5fRJg3sHjQ==",
      "dev": true,
      "optional": true,
      "requires": {
        "good-listener": "^1.2.2",
        "select": "^1.1.2",
        "tiny-emitter": "^2.0.0"
      }
    },
    "delegate": {
      "version": "3.2.0",
      "resolved": "https://registry.npmjs.org/delegate/-/delegate-3.2.0.tgz",
      "integrity": "sha512-IofjkYBZaZivn0V8nnsMJGBr4jVLxHDheKSW88PyxS5QC4Vo9ZbZVvhzlSxY87fVq3STR6r+4cGepyHkcWOQSw==",
      "dev": true,
      "optional": true
    },
    "good-listener": {
      "version": "1.2.2",
      "resolved": "https://registry.npmjs.org/good-listener/-/good-listener-1.2.2.tgz",
      "integrity": "sha1-1TswzfkxPf+33JoNR3CWqm0UXFA=",
      "dev": true,
      "optional": true,
      "requires": {
        "delegate": "^3.1.2"
      }
    },
    "marked": {
      "version": "0.3.19",
      "resolved": "https://registry.npmjs.org/marked/-/marked-0.3.19.tgz",
      "integrity": "sha512-ea2eGWOqNxPcXv8dyERdSr/6FmzvWwzjMxpfGB/sbMccXoct+xY+YukPD+QTUZwyvK7BZwcr4m21WBOW41pAkg==",
      "dev": true
    },
    "prismjs": {
      "version": "1.14.0",
      "resolved": "https://registry.npmjs.org/prismjs/-/prismjs-1.14.0.tgz",
      "integrity": "sha512-sa2s4m60bXs+kU3jcuUwx3ZCrUH7o0kuqnOOINbODqlRrDB7KY8SRx+xR/D7nHLlgfDdG7zXbRO8wJ+su5Ls0A==",
      "dev": true,
      "requires": {
        "clipboard": "^2.0.0"
      }
    },
    "select": {
      "version": "1.1.2",
      "resolved": "https://registry.npmjs.org/select/-/select-1.1.2.tgz",
      "integrity": "sha1-DnNQrN7ICxEIUoeG7B1EGNEbOW0=",
      "dev": true,
      "optional": true
    },
    "tiny-emitter": {
      "version": "2.0.2",
      "resolved": "https://registry.npmjs.org/tiny-emitter/-/tiny-emitter-2.0.2.tgz",
      "integrity": "sha512-2NM0auVBGft5tee/OxP4PI3d8WItkDM+fPnaRAVo6xTDI2knbz9eC5ArWGqtGlYqiH3RU5yMpdyTTO7MguC4ow==",
      "dev": true,
      "optional": true
    }
  }
}
